PODS:
  - FBSnapshotTestCase (2.1.4):
    - FBSnapshotTestCase/SwiftSupport (= 2.1.4)
  - FBSnapshotTestCase/Core (2.1.4)
  - FBSnapshotTestCase/SwiftSupport (2.1.4):
    - FBSnapshotTestCase/Core
  - Kiwi (3.0.0)
  - XMNavigationBar (0.1.0)

DEPENDENCIES:
  - FBSnapshotTestCase
  - Kiwi
  - XMNavigationBar (from `../`)

SPEC REPOS:
  trunk:
    - FBSnapshotTestCase
    - Kiwi

EXTERNAL SOURCES:
  XMNavigationBar:
    :path: "../"

SPEC CHECKSUMS:
  FBSnapshotTestCase: 094f9f314decbabe373b87cc339bea235a63e07a
  Kiwi: fbeafef0f00e4d8f7dcb3420a4930afe70af77f7
  XMNavigationBar: 292d60cd54a51357055b4fd834cce890f29b246a

PODFILE CHECKSUM: bcda7bc8df83df911f39f583d56745302eb2dc73

COCOAPODS: 1.11.3
